# This file is automatically @generated by Poetry 1.8.2 and should not be changed by hand.

[[package]]
name = "frozendict"
version = "2.4.1"
description = "A simple immutable dictionary"
optional = false
python-versions = ">=3.6"
files = [
    {file = "frozendict-2.4.1-cp310-cp310-macosx_10_9_x86_64.whl", hash = "sha256:992cc157b6cdf788c1f24ab9531ba37104aba2d21f1520949a03bf3f9af7935e"},
    {file = "frozendict-2.4.1-cp310-cp310-macosx_11_0_arm64.whl", hash = "sha256:a571fbbe8c0cb0d0d31dce24b1026301013d3884b2fc3099741ba7a9bd5764df"},
    {file = "frozendict-2.4.1-cp310-cp310-manylinux_2_17_aarch64.manylinux2014_aarch64.whl", hash = "sha256:c113eb12f0713b53f6d0bbf3bced19dd429e17cac1cf3c350bf05c82c573613d"},
    {file = "frozendict-2.4.1-cp310-cp310-manylinux_2_17_x86_64.manylinux2014_x86_64.whl", hash = "sha256:53eb5d19ff5b71d3f7806620000e80c1d2478a22c481799ea7b16fb218d42923"},
    {file = "frozendict-2.4.1-cp310-cp310-musllinux_1_1_aarch64.whl", hash = "sha256:5b64b5c6ac3542a4028a431c01d39c60bfb809316cdd8c940d252d084437787f"},
    {file = "frozendict-2.4.1-cp310-cp310-musllinux_1_1_x86_64.whl", hash = "sha256:107a9953272410cd05fcfba4dcf31f01825cd6b3c17f3cf616072e9611480034"},
    {file = "frozendict-2.4.1-cp310-cp310-win_amd64.whl", hash = "sha256:42b3906ac43cf2c77f1e69fe7bdd93347044d1a0bc15bf5b733d47c39bfe2e3a"},
    {file = "frozendict-2.4.1-cp310-cp310-win_arm64.whl", hash = "sha256:ace99e4430802bb3d52969870a9432d68919cd33af18f9086ccd6a3a46ac6e7c"},
    {file = "frozendict-2.4.1-cp36-cp36m-macosx_10_9_x86_64.whl", hash = "sha256:971017c706db1b76abdd7db285592d9f232aff6e8f47dffbd1cd0a020873b164"},
    {file = "frozendict-2.4.1-cp36-cp36m-manylinux_2_17_aarch64.manylinux2014_aarch64.whl", hash = "sha256:2dfeca22e383d64d92301378ca5d10265d7ef05d989501ea5f37520052a0c9fd"},
    {file = "frozendict-2.4.1-cp36-cp36m-manylinux_2_17_x86_64.manylinux2014_x86_64.whl", hash = "sha256:ccf4943a5276a99ff98000890fcbc76fcbc5f43f51250270ddab65da0ee61883"},
    {file = "frozendict-2.4.1-cp36-cp36m-musllinux_1_1_aarch64.whl", hash = "sha256:2f7b202617b410f9b8d528ce82cdb4b16a7e80ccd58601d0d1d8e15231e49292"},
    {file = "frozendict-2.4.1-cp36-cp36m-musllinux_1_1_x86_64.whl", hash = "sha256:4e8477396a166f5b8cfaaebd623ff05b7bacca830afa8e8d377ad3ed951a8bb2"},
    {file = "frozendict-2.4.1-cp36-cp36m-win_amd64.whl", hash = "sha256:4d2d2987b280fae3b46a77cbc3d51394b671c8d8b7270ab2e6d767a42dac15b1"},
    {file = "frozendict-2.4.1-cp37-cp37m-macosx_10_9_x86_64.whl", hash = "sha256:eebe6b4c054f987d83477f797f24a149ed409e8dc1c11c1fedc98d721f6ea905"},
    {file = "frozendict-2.4.1-cp37-cp37m-manylinux_2_17_aarch64.manylinux2014_aarch64.whl", hash = "sha256:7cc4f1be80760080ca9ee83977c43ad202db91d0ee1e46e9f7c44ebcc05a3b81"},
    {file = "frozendict-2.4.1-cp37-cp37m-manylinux_2_17_x86_64.manylinux2014_x86_64.whl", hash = "sha256:9f0172c1c3a52714b6530ec56621a6be2962776fa1a4638c4e40576b32e33355"},
    {file = "frozendict-2.4.1-cp37-cp37m-musllinux_1_1_aarch64.whl", hash = "sha256:4fc7b05120500e13a2f319ba4cbfba7f832c04441348ca20dbdcf776b5d2332f"},
    {file = "frozendict-2.4.1-cp37-cp37m-musllinux_1_1_x86_64.whl", hash = "sha256:d8312598598c9e79653da50c49315fc89d017dbaa4406160958c64d85a707edd"},
    {file = "frozendict-2.4.1-cp37-cp37m-win_amd64.whl", hash = "sha256:2fa000d16b1af7315b8d9fbc15e6929303e1c447a9f06c10bfef62b7c9ea266f"},
    {file = "frozendict-2.4.1-cp38-cp38-macosx_10_9_x86_64.whl", hash = "sha256:accdebc212ef31e0de5b54fbeb275f79c5380e02b250b3d1c4341f6ccf73e876"},
    {file = "frozendict-2.4.1-cp38-cp38-macosx_11_0_arm64.whl", hash = "sha256:81ffbac40077c6f56355d47e18adb36e11816ae114ca9d9ee90b842b907d92f5"},
    {file = "frozendict-2.4.1-cp38-cp38-manylinux_2_17_aarch64.manylinux2014_aarch64.whl", hash = "sha256:7d6b51d2a726ecb169765261bd7e73f63669cf849e882d94d382d8ff682f0292"},
    {file = "frozendict-2.4.1-cp38-cp38-manylinux_2_17_x86_64.manylinux2014_x86_64.whl", hash = "sha256:9030e487d0d433aeaf2d7f741a47d9b890e2572951588f80f29d0161cfd5553a"},
    {file = "frozendict-2.4.1-cp38-cp38-musllinux_1_1_aarch64.whl", hash = "sha256:42077b882ed0e117e1b7f9c7b00453aecddbe268a80f5ca1a73c163c79025dbb"},
    {file = "frozendict-2.4.1-cp38-cp38-musllinux_1_1_x86_64.whl", hash = "sha256:0187974c3cfc0ac77dc20f9af272f69c8436d2e994dfce85eb7cca269f4d0b7a"},
    {file = "frozendict-2.4.1-cp38-cp38-win_amd64.whl", hash = "sha256:1b01ebe8772ab30ab593e72dfe3f06e5d97db508bfd72613c243fd08f5ba96e4"},
    {file = "frozendict-2.4.1-cp39-cp39-macosx_10_9_x86_64.whl", hash = "sha256:b06df1995b14fca1e9acc53b1423a4c2dca072517acd619c1576fc6b352428ec"},
    {file = "frozendict-2.4.1-cp39-cp39-macosx_11_0_arm64.whl", hash = "sha256:d1b02f873866f5d245a4bc4f9f2647aacb0d5f9a4d47e1de52c46cf03368c8cc"},
    {file = "frozendict-2.4.1-cp39-cp39-manylinux_2_17_aarch64.manylinux2014_aarch64.whl", hash = "sha256:d5619bd7f092b1f7ab69163ddcdff674e6786b7a19aea1217a6a46b942430631"},
    {file = "frozendict-2.4.1-cp39-cp39-manylinux_2_17_x86_64.manylinux2014_x86_64.whl", hash = "sha256:ee12840600814adf4fb1fb84eafb8098bf1701d536949ead096158e3b11cf6f8"},
    {file = "frozendict-2.4.1-cp39-cp39-musllinux_1_1_aarch64.whl", hash = "sha256:884a3cbaff8cfd1b36f07a8749b48a6cfebd7fca196e13b9664d33df38b38d27"},
    {file = "frozendict-2.4.1-cp39-cp39-musllinux_1_1_x86_64.whl", hash = "sha256:7bd5b958264646ca0c5589a4c82ec4be2bf7ff0d4d1202b9d9599f24be4d51c7"},
    {file = "frozendict-2.4.1-cp39-cp39-win_amd64.whl", hash = "sha256:de9f7194f4edbacdc609c66f49f583a658ec130e0f68e482fccae35d1befddaf"},
    {file = "frozendict-2.4.1-cp39-cp39-win_arm64.whl", hash = "sha256:1ed0f607c73e6482e8a8080ea22d9d9f057f0624225e04e7e3e16a94ec215827"},
    {file = "frozendict-2.4.1.tar.gz", hash = "sha256:1b32eb2f30bb734b7a699ee7003c86f81964f1c3b6e0e0f18efcbbdeb5b220bf"},
]

[[package]]
name = "hgraph"
version = "0.2.6"
description = "A functional reactive engine"
optional = false
python-versions = ">=3.11"
files = [
    {file = "hgraph-0.2.6-py3-none-any.whl", hash = "sha256:4091a7ae240bb942a1158286f6b60687a1115342ab785cf4f9e3dba5b7345b90"},
    {file = "hgraph-0.2.6.tar.gz", hash = "sha256:42ad53a6b35ec67a8391d67c9ed33acbc3edc5b10d6ff29230f7cbac6fc05feb"},
]

[package.dependencies]
frozendict = ">=2.3.10"
numpy = ">=1.23"
ordered-set = ">=4.1.0"
polars = ">=0.20.15"
sortedcontainers = ">=2.4.0"

[[package]]
name = "numpy"
version = "1.26.4"
description = "Fundamental package for array computing in Python"
optional = false
python-versions = ">=3.9"
files = [
    {file = "numpy-1.26.4-cp310-cp310-macosx_10_9_x86_64.whl", hash = "sha256:9ff0f4f29c51e2803569d7a51c2304de5554655a60c5d776e35b4a41413830d0"},
    {file = "numpy-1.26.4-cp310-cp310-macosx_11_0_arm64.whl", hash = "sha256:2e4ee3380d6de9c9ec04745830fd9e2eccb3e6cf790d39d7b98ffd19b0dd754a"},
    {file = "numpy-1.26.4-cp310-cp310-manylinux_2_17_aarch64.manylinux2014_aarch64.whl", hash = "sha256:d209d8969599b27ad20994c8e41936ee0964e6da07478d6c35016bc386b66ad4"},
    {file = "numpy-1.26.4-cp310-cp310-manylinux_2_17_x86_64.manylinux2014_x86_64.whl", hash = "sha256:ffa75af20b44f8dba823498024771d5ac50620e6915abac414251bd971b4529f"},
    {file = "numpy-1.26.4-cp310-cp310-musllinux_1_1_aarch64.whl", hash = "sha256:62b8e4b1e28009ef2846b4c7852046736bab361f7aeadeb6a5b89ebec3c7055a"},
    {file = "numpy-1.26.4-cp310-cp310-musllinux_1_1_x86_64.whl", hash = "sha256:a4abb4f9001ad2858e7ac189089c42178fcce737e4169dc61321660f1a96c7d2"},
    {file = "numpy-1.26.4-cp310-cp310-win32.whl", hash = "sha256:bfe25acf8b437eb2a8b2d49d443800a5f18508cd811fea3181723922a8a82b07"},
    {file = "numpy-1.26.4-cp310-cp310-win_amd64.whl", hash = "sha256:b97fe8060236edf3662adfc2c633f56a08ae30560c56310562cb4f95500022d5"},
    {file = "numpy-1.26.4-cp311-cp311-macosx_10_9_x86_64.whl", hash = "sha256:4c66707fabe114439db9068ee468c26bbdf909cac0fb58686a42a24de1760c71"},
    {file = "numpy-1.26.4-cp311-cp311-macosx_11_0_arm64.whl", hash = "sha256:edd8b5fe47dab091176d21bb6de568acdd906d1887a4584a15a9a96a1dca06ef"},
    {file = "numpy-1.26.4-cp311-cp311-manylinux_2_17_aarch64.manylinux2014_aarch64.whl", hash = "sha256:7ab55401287bfec946ced39700c053796e7cc0e3acbef09993a9ad2adba6ca6e"},
    {file = "numpy-1.26.4-cp311-cp311-manylinux_2_17_x86_64.manylinux2014_x86_64.whl", hash = "sha256:666dbfb6ec68962c033a450943ded891bed2d54e6755e35e5835d63f4f6931d5"},
    {file = "numpy-1.26.4-cp311-cp311-musllinux_1_1_aarch64.whl", hash = "sha256:96ff0b2ad353d8f990b63294c8986f1ec3cb19d749234014f4e7eb0112ceba5a"},
    {file = "numpy-1.26.4-cp311-cp311-musllinux_1_1_x86_64.whl", hash = "sha256:60dedbb91afcbfdc9bc0b1f3f402804070deed7392c23eb7a7f07fa857868e8a"},
    {file = "numpy-1.26.4-cp311-cp311-win32.whl", hash = "sha256:1af303d6b2210eb850fcf03064d364652b7120803a0b872f5211f5234b399f20"},
    {file = "numpy-1.26.4-cp311-cp311-win_amd64.whl", hash = "sha256:cd25bcecc4974d09257ffcd1f098ee778f7834c3ad767fe5db785be9a4aa9cb2"},
    {file = "numpy-1.26.4-cp312-cp312-macosx_10_9_x86_64.whl", hash = "sha256:b3ce300f3644fb06443ee2222c2201dd3a89ea6040541412b8fa189341847218"},
    {file = "numpy-1.26.4-cp312-cp312-macosx_11_0_arm64.whl", hash = "sha256:03a8c78d01d9781b28a6989f6fa1bb2c4f2d51201cf99d3dd875df6fbd96b23b"},
    {file = "numpy-1.26.4-cp312-cp312-manylinux_2_17_aarch64.manylinux2014_aarch64.whl", hash = "sha256:9fad7dcb1aac3c7f0584a5a8133e3a43eeb2fe127f47e3632d43d677c66c102b"},
    {file = "numpy-1.26.4-cp312-cp312-manylinux_2_17_x86_64.manylinux2014_x86_64.whl", hash = "sha256:675d61ffbfa78604709862923189bad94014bef562cc35cf61d3a07bba02a7ed"},
    {file = "numpy-1.26.4-cp312-cp312-musllinux_1_1_aarch64.whl", hash = "sha256:ab47dbe5cc8210f55aa58e4805fe224dac469cde56b9f731a4c098b91917159a"},
    {file = "numpy-1.26.4-cp312-cp312-musllinux_1_1_x86_64.whl", hash = "sha256:1dda2e7b4ec9dd512f84935c5f126c8bd8b9f2fc001e9f54af255e8c5f16b0e0"},
    {file = "numpy-1.26.4-cp312-cp312-win32.whl", hash = "sha256:50193e430acfc1346175fcbdaa28ffec49947a06918b7b92130744e81e640110"},
    {file = "numpy-1.26.4-cp312-cp312-win_amd64.whl", hash = "sha256:08beddf13648eb95f8d867350f6a018a4be2e5ad54c8d8caed89ebca558b2818"},
    {file = "numpy-1.26.4-cp39-cp39-macosx_10_9_x86_64.whl", hash = "sha256:7349ab0fa0c429c82442a27a9673fc802ffdb7c7775fad780226cb234965e53c"},
    {file = "numpy-1.26.4-cp39-cp39-macosx_11_0_arm64.whl", hash = "sha256:52b8b60467cd7dd1e9ed082188b4e6bb35aa5cdd01777621a1658910745b90be"},
    {file = "numpy-1.26.4-cp39-cp39-manylinux_2_17_aarch64.manylinux2014_aarch64.whl", hash = "sha256:d5241e0a80d808d70546c697135da2c613f30e28251ff8307eb72ba696945764"},
    {file = "numpy-1.26.4-cp39-cp39-manylinux_2_17_x86_64.manylinux2014_x86_64.whl", hash = "sha256:f870204a840a60da0b12273ef34f7051e98c3b5961b61b0c2c1be6dfd64fbcd3"},
    {file = "numpy-1.26.4-cp39-cp39-musllinux_1_1_aarch64.whl", hash = "sha256:679b0076f67ecc0138fd2ede3a8fd196dddc2ad3254069bcb9faf9a79b1cebcd"},
    {file = "numpy-1.26.4-cp39-cp39-musllinux_1_1_x86_64.whl", hash = "sha256:47711010ad8555514b434df65f7d7b076bb8261df1ca9bb78f53d3b2db02e95c"},
    {file = "numpy-1.26.4-cp39-cp39-win32.whl", hash = "sha256:a354325ee03388678242a4d7ebcd08b5c727033fcff3b2f536aea978e15ee9e6"},
    {file = "numpy-1.26.4-cp39-cp39-win_amd64.whl", hash = "sha256:3373d5d70a5fe74a2c1bb6d2cfd9609ecf686d47a2d7b1d37a8f3b6bf6003aea"},
    {file = "numpy-1.26.4-pp39-pypy39_pp73-macosx_10_9_x86_64.whl", hash = "sha256:afedb719a9dcfc7eaf2287b839d8198e06dcd4cb5d276a3df279231138e83d30"},
    {file = "numpy-1.26.4-pp39-pypy39_pp73-manylinux_2_17_x86_64.manylinux2014_x86_64.whl", hash = "sha256:95a7476c59002f2f6c590b9b7b998306fba6a5aa646b1e22ddfeaf8f78c3a29c"},
    {file = "numpy-1.26.4-pp39-pypy39_pp73-win_amd64.whl", hash = "sha256:7e50d0a0cc3189f9cb0aeb3a6a6af18c16f59f004b866cd2be1c14b36134a4a0"},
    {file = "numpy-1.26.4.tar.gz", hash = "sha256:2a02aba9ed12e4ac4eb3ea9421c420301a0c6460d9830d74a9df87efa4912010"},
]

[[package]]
name = "ordered-set"
version = "4.1.0"
description = "An OrderedSet is a custom MutableSet that remembers its order, so that every"
optional = false
python-versions = ">=3.7"
files = [
    {file = "ordered-set-4.1.0.tar.gz", hash = "sha256:694a8e44c87657c59292ede72891eb91d34131f6531463aab3009191c77364a8"},
    {file = "ordered_set-4.1.0-py3-none-any.whl", hash = "sha256:046e1132c71fcf3330438a539928932caf51ddbc582496833e23de611de14562"},
]

[package.extras]
dev = ["black", "mypy", "pytest"]

[[package]]
name = "polars"
version = "0.20.18"
description = "Blazingly fast DataFrame library"
optional = false
python-versions = ">=3.8"
files = [
    {file = "polars-0.20.18-cp38-abi3-macosx_10_12_x86_64.whl", hash = "sha256:e305f5e6c0b8dc37fe0ff3bb1143a8bf0341134e0b23dec7c50a148f426acceb"},
    {file = "polars-0.20.18-cp38-abi3-macosx_11_0_arm64.whl", hash = "sha256:26716f074301f583da9af93108d57da631622d6496cbcbb8c08476180953f408"},
    {file = "polars-0.20.18-cp38-abi3-manylinux_2_17_x86_64.manylinux2014_x86_64.whl", hash = "sha256:5b3843f69228df68cb82e39647c212fde58671c064c25a0c4d544f9446160a7e"},
    {file = "polars-0.20.18-cp38-abi3-manylinux_2_24_aarch64.whl", hash = "sha256:4b775e9677d0050775243400def1f5de4dd02b5ee220873406abc4028228525e"},
    {file = "polars-0.20.18-cp38-abi3-win_amd64.whl", hash = "sha256:73b81b9582c48f0ca4ae08c0adc56917b0c55682044bedf0eccd3f94e4e39169"},
    {file = "polars-0.20.18.tar.gz", hash = "sha256:8a321cbdbb459e3c0cc1af2ce6ac930d0d3b5ccbeb2dd3e4237ad07d487fd290"},
]

[package.extras]
adbc = ["adbc-driver-manager", "adbc-driver-sqlite"]
all = ["polars[adbc,async,cloudpickle,connectorx,deltalake,fastexcel,fsspec,gevent,numpy,pandas,plot,pyarrow,pydantic,pyiceberg,sqlalchemy,timezone,xlsx2csv,xlsxwriter]"]
async = ["nest-asyncio"]
cloudpickle = ["cloudpickle"]
connectorx = ["connectorx (>=0.3.2)"]
deltalake = ["deltalake (>=0.14.0)"]
fastexcel = ["fastexcel (>=0.9)"]
fsspec = ["fsspec"]
gevent = ["gevent"]
matplotlib = ["matplotlib"]
numpy = ["numpy (>=1.16.0)"]
openpyxl = ["openpyxl (>=3.0.0)"]
pandas = ["pandas", "pyarrow (>=7.0.0)"]
plot = ["hvplot (>=0.9.1)"]
pyarrow = ["pyarrow (>=7.0.0)"]
pydantic = ["pydantic"]
pyiceberg = ["pyiceberg (>=0.5.0)"]
pyxlsb = ["pyxlsb (>=1.0)"]
sqlalchemy = ["pandas", "sqlalchemy"]
timezone = ["backports-zoneinfo", "tzdata"]
xlsx2csv = ["xlsx2csv (>=0.8.0)"]
xlsxwriter = ["xlsxwriter"]

[[package]]
name = "sortedcontainers"
version = "2.4.0"
description = "Sorted Containers -- Sorted List, Sorted Dict, Sorted Set"
optional = false
python-versions = "*"
files = [
    {file = "sortedcontainers-2.4.0-py2.py3-none-any.whl", hash = "sha256:a163dcaede0f1c021485e957a39245190e74249897e2ae4b2aa38595db237ee0"},
    {file = "sortedcontainers-2.4.0.tar.gz", hash = "sha256:25caa5a06cc30b6b83d11423433f65d1f9d76c4c6a0c90e3379eaa43b9bfdb88"},
]

[metadata]
lock-version = "2.0"
python-versions = ">=3.11"
content-hash = "76a74fd41c9bdfb7a97717df63ecdb085295c1cf071273f6b657ed7f7c576a2e"
